
Microsoft Visual Studio Solution File, Format Version 12.00
# Visual Studio Version 17
VisualStudioVersion = 17.4.33213.308
MinimumVisualStudioVersion = 10.0.40219.1
Project("{FAE04EC0-301F-11D3-BF4B-00C04F79EFBC}") = "Calc", "Calc\Calc.csproj", "{1053E653-AC36-4C41-97DF-512D352C0A77}"
EndProject
Global
	GlobalSection(SolutionConfigurationPlatforms) = preSolution
		Debug|Any CPU = Debug|Any CPU
		Release|Any CPU = Release|Any CPU
	EndGlobalSection
	GlobalSection(ProjectConfigurationPlatforms) = postSolution
		{1053E653-AC36-4C41-97DF-512D352C0A77}.Debug|Any CPU.ActiveCfg = Debug|Any CPU
		{1053E653-AC36-4C41-97DF-512D352C0A77}.Debug|Any CPU.Build.0 = Debug|Any CPU
		{1053E653-AC36-4C41-97DF-512D352C0A77}.Release|Any CPU.ActiveCfg = Release|Any CPU
		{1053E653-AC36-4C41-97DF-512D352C0A77}.Release|Any CPU.Build.0 = Release|Any CPU
	EndGlobalSection
	GlobalSection(SolutionProperties) = preSolution
		HideSolutionNode = FALSE
	EndGlobalSection
	GlobalSection(ExtensibilityGlobals) = postSolution
		SolutionGuid = {213136F3-DEE0-471E-A31E-F3F3EDCF3464}
	EndGlobalSection
EndGlobal
